
Microsoft Visual Studio Solution File, Format Version 12.00
# Visual Studio Version 16
VisualStudioVersion = 16.0.29519.181
MinimumVisualStudioVersion = 10.0.40219.1
Project("{FAE04EC0-301F-11D3-BF4B-00C04F79EFBC}") = "Security.Authentication.Cookie", "Security.Authentication.Cookie.csproj", "{7186B32D-3CCC-41AC-A710-F9769034B2E3}"
EndProject
Global
	GlobalSection(SolutionConfigurationPlatforms) = preSolution
		Debug|Any CPU = Debug|Any CPU
		Release|Any CPU = Release|Any CPU
	EndGlobalSection
	GlobalSection(ProjectConfigurationPlatforms) = postSolution
		{7186B32D-3CCC-41AC-A710-F9769034B2E3}.Debug|Any CPU.ActiveCfg = Debug|Any CPU
		{7186B32D-3CCC-41AC-A710-F9769034B2E3}.Debug|Any CPU.Build.0 = Debug|Any CPU
		{7186B32D-3CCC-41AC-A710-F9769034B2E3}.Release|Any CPU.ActiveCfg = Release|Any CPU
		{7186B32D-3CCC-41AC-A710-F9769034B2E3}.Release|Any CPU.Build.0 = Release|Any CPU
	EndGlobalSection
	GlobalSection(SolutionProperties) = preSolution
		HideSolutionNode = FALSE
	EndGlobalSection
	GlobalSection(ExtensibilityGlobals) = postSolution
		SolutionGuid = {2310314E-5238-4074-AB2A-DE52FC5758C0}
	EndGlobalSection
EndGlobal
